{
    "name": "application",
    "lockfileVersion": 3,
    "requires": true,
    "packages": {
        "": {
            "dependencies": {
                "@codbex/codbex-accounts": "0.1.0",
                "@codbex/codbex-invoices": "0.1.0",
                "@codbex/codbex-payments": "0.1.0"
            }
        },
        "node_modules/@codbex/codbex-accounts": {
            "version": "0.1.0",
            "resolved": "https://npm.pkg.github.com/download/@codbex/codbex-accounts/0.1.0/506d7027a3d0861284b1f370c5af8a59a6c6d13c",
            "integrity": "sha512-BFMDua6m7X685WnYlr6gbrAqJBmAShwBtmD9JJhXOMfuyENMfm8dkc4vHwU4REsb5pt9g6x6Kn/pS+Aple0FqA=="
        },
        "node_modules/@codbex/codbex-cities": {
            "version": "0.1.0",
            "resolved": "https://npm.pkg.github.com/download/@codbex/codbex-cities/0.1.0/c3daac7c3bf02410800ebf903a6a5b32da08fcc8",
            "integrity": "sha512-4K1l1qhKMt9qNRZtQxvf99QuJ1X8SBCrYfsm0NkhpDs+UIj08M6FM7UYxulMZ6QNkSrDbbckoFwJ5gsNqrpSpg=="
        },
        "node_modules/@codbex/codbex-companies": {
            "version": "0.1.0",
            "resolved": "https://npm.pkg.github.com/download/@codbex/codbex-companies/0.1.0/24d05aeddd19d583daa878cf99bf684ebd61cf31",
            "integrity": "sha512-vXj0q1old5fyHnfNsHueX5PTj0GUxrZa1db9ABV6Vscx3Y/MkOkQ4ZhzwMsmtmCEnc3C3+nTVU7sDf8DbpW00w==",
            "dependencies": {
                "@codbex/codbex-cities": "0.1.0",
                "@codbex/codbex-countries": "0.1.0",
                "@codbex/codbex-countries-data": "0.1.0"
            }
        },
        "node_modules/@codbex/codbex-countries": {
            "version": "0.1.0",
            "resolved": "https://npm.pkg.github.com/download/@codbex/codbex-countries/0.1.0/a28e9fdaad55cb6f0f846eabd232d28f781de3a4",
            "integrity": "sha512-y8ENB/HLoG0nu/BLizgPp4Y2bnmirdXKJFwAZEAMCC3R0M3c6lZb8YP82STeYCWZVXgXXmNhvxzt6cSvefAzZA=="
        },
        "node_modules/@codbex/codbex-countries-data": {
            "version": "0.1.0",
            "resolved": "https://npm.pkg.github.com/download/@codbex/codbex-countries-data/0.1.0/9f861115da660729f831dee6b4b76621dad76148",
            "integrity": "sha512-XtCrPJ/hSI3MuBw7q+89THA03ZhuJ5eubWJM2ZE5lDYHjqSv4G9YShQO4IeOFRIHqHaZz9JcPSQtP/ZjuNssOg=="
        },
        "node_modules/@codbex/codbex-currencies": {
            "version": "0.1.0",
            "resolved": "https://npm.pkg.github.com/download/@codbex/codbex-currencies/0.1.0/ef116aa8418d0769d166aa0e926d580d9e3995c4",
            "integrity": "sha512-QKj1TvJ/LGo2srFkGgSS1/pyEXS2lzzAAgCZztBQ+ImQs2xkPdk/cM1D6M6mXuq53Y1kCTc8/mBeZHbA+g8N+g=="
        },
        "node_modules/@codbex/codbex-currencies-data": {
            "version": "0.1.0",
            "resolved": "https://npm.pkg.github.com/download/@codbex/codbex-currencies-data/0.1.0/206ae641fbd9cb0423fa4ca7203329d397daec71",
            "integrity": "sha512-hJQnG8A8/80xy3d7HEt7lJ151aZ/fo7eRs3zW4I1/2KIXBECJDvrfhPFgoAC4oaIfPbxn7KIZKw4lteK8+8UhQ=="
        },
        "node_modules/@codbex/codbex-employees": {
            "version": "0.1.0",
            "resolved": "https://npm.pkg.github.com/download/@codbex/codbex-employees/0.1.0/cdbd223c783b4a78855a0d05634a2210c37fdacf",
            "integrity": "sha512-JgUP5c7jY2O2RJGRqX4iUsOZEOlhj7rzbD21Ydok8zouNc9nJSqwHW4BfOkZoxIDMO59Dgg4rUm4RUb8svgUaA=="
        },
        "node_modules/@codbex/codbex-invoices": {
            "version": "0.1.0",
            "resolved": "https://npm.pkg.github.com/download/@codbex/codbex-invoices/0.1.0/ccafc76ae002a3e3f41c6dd6c1c6ed7ba85f31b6",
            "integrity": "sha512-pOD/iVHsrqDzuigoOL/+4IsRNvHBLu9CQ5/+NZKAaQP68qONhdrXyOowmUtJi0kARBhXdYrZVYkrmySGiYsNSA==",
            "dependencies": {
                "@codbex/codbex-cities": "0.1.0",
                "@codbex/codbex-companies": "0.1.0",
                "@codbex/codbex-countries": "0.1.0",
                "@codbex/codbex-countries-data": "0.1.0",
                "@codbex/codbex-currencies": "0.1.0",
                "@codbex/codbex-currencies-data": "0.1.0",
                "@codbex/codbex-employees": "0.1.0",
                "@codbex/codbex-methods": "0.1.0",
                "@codbex/codbex-methods-data": "0.1.0",
                "@codbex/codbex-number-generator": "0.1.0",
                "@codbex/codbex-partners": "0.1.0",
                "@codbex/codbex-payments": "0.1.0",
                "@codbex/codbex-payments-data": "0.1.0",
                "@codbex/codbex-products": "0.1.0",
                "@codbex/codbex-products-data": "0.1.0",
                "@codbex/codbex-uoms": "0.1.0"
            }
        },
        "node_modules/@codbex/codbex-methods": {
            "version": "0.1.0",
            "resolved": "https://npm.pkg.github.com/download/@codbex/codbex-methods/0.1.0/bc1d4db7b2d1cf0e4d44c05fe5a5b749846bbba3",
            "integrity": "sha512-LArrcnN7GXHwZy8HyO8tV0MAmJ3QjbX9tFON6Fb4WsK4EqgC8KbfEQkXbD1M5T3oUfEi3i5/tk780JB9WNoPAw=="
        },
        "node_modules/@codbex/codbex-methods-data": {
            "version": "0.1.0",
            "resolved": "https://npm.pkg.github.com/download/@codbex/codbex-methods-data/0.1.0/2d0f30269ad303c526feec5aa52e79a154525c4d",
            "integrity": "sha512-Q3hIe+VY4iS3uUi+9eUktVi+RyNnvsz21hqp392ir3lxKsszruhWIpyLPratZV7BfJtXNi5igHDL/j0j5sWEtw=="
        },
        "node_modules/@codbex/codbex-number-generator": {
            "version": "0.1.0",
            "resolved": "https://npm.pkg.github.com/download/@codbex/codbex-number-generator/0.1.0/dfaeb33854c0d7b81c9307dc3762604d38ebdc22",
            "integrity": "sha512-iHzz6EQH60T016RL8OT1cfR7gcJ+winwUnmko/aa0GSzpOEepSCIGnaNAaGlWl7noFSohhLDgvRRiT0UkZgykg=="
        },
        "node_modules/@codbex/codbex-partners": {
            "version": "0.1.0",
            "resolved": "https://npm.pkg.github.com/download/@codbex/codbex-partners/0.1.0/d917afb01df914bbe20bf97ffb6e9de683bfc53c",
            "integrity": "sha512-+V89eQwt+PAjUWQx5AJz+o6zUXBk+7ePC42yUG1P6+rxCAf/+/Yod9W3KNcT+XNLP4ud8wNa6SN62GpYgmvAjg=="
        },
        "node_modules/@codbex/codbex-payments": {
            "version": "0.1.0",
            "resolved": "https://npm.pkg.github.com/download/@codbex/codbex-payments/0.1.0/4f037695f24df505cb00df293843279a6ab9eed3",
            "integrity": "sha512-Y3FGCHYc6uSp58WOYDxbK75KGMK6P8gzQlrjPr5+049ZO5QZn4sqDH3WD/BR41h10DbL+VIluLb4KB5yweiKBw==",
            "dependencies": {
                "@codbex/codbex-currencies": "0.1.0",
                "@codbex/codbex-currencies-data": "0.1.0",
                "@codbex/codbex-employees": "0.1.0",
                "@codbex/codbex-partners": "0.1.0"
            }
        },
        "node_modules/@codbex/codbex-payments-data": {
            "version": "0.1.0",
            "resolved": "https://npm.pkg.github.com/download/@codbex/codbex-payments-data/0.1.0/4795ac5a926fd4c131317420997747aa1bbb406b",
            "integrity": "sha512-hc5V1MN1JfDcsvSUrShAt7O/9MtrE0BbHKjV/jm+0LFoYucKLPR6PVjwLdHVyVHqKqDvI56BkCHkZtMFEa2Sng=="
        },
        "node_modules/@codbex/codbex-products": {
            "version": "0.1.0",
            "resolved": "https://npm.pkg.github.com/download/@codbex/codbex-products/0.1.0/b62e3bb2ec0bd58b49f06f3ea90843757837ab6f",
            "integrity": "sha512-L6Y/f+zoX4HrH4HpKeBQ4FpzN7Uhmjvs7anBn1AbfhfHxKG0ce4SLxMxvWXHxOUXJZH32DQ3WDpRLPD1vPetTg==",
            "dependencies": {
                "@codbex/codbex-companies": "0.1.0",
                "@codbex/codbex-partners": "0.1.0",
                "@codbex/codbex-uoms": "0.1.0"
            }
        },
        "node_modules/@codbex/codbex-products-data": {
            "version": "0.1.0",
            "resolved": "https://npm.pkg.github.com/download/@codbex/codbex-products-data/0.1.0/ee5e3f29e778f6d9aa2f656dd65ffde93c28f968",
            "integrity": "sha512-NaIa+4vdWPCZBEutz7nOk95obwJmANM/YKPcY0wbouzzk3OU8HLCfkOHsHOZ6zxIViYnKsBBoNFBFQ4530lb+A=="
        },
        "node_modules/@codbex/codbex-uoms": {
            "version": "0.1.0",
            "resolved": "https://npm.pkg.github.com/download/@codbex/codbex-uoms/0.1.0/d000bce53c7d2ed59f73dfda7c1293530c76edcc",
            "integrity": "sha512-FTH6xXRIfuUWbg2xPPGHvPePTb1rrTcLb1PO2bdhMRUt9e8QEi0/ClUs1JodDP5K29i/uIjOgTtX1th74HW51w=="
        }
    }
}
